<?xml version="1.0" encoding="utf-8"?>
<Project ToolsVersion="4.0" xmlns="http://schemas.microsoft.com/developer/msbuild/2003">
  <ItemGroup>
    <ClCompile Include="DataTables\DataTable.cpp" />
    <ClCompile Include="DataTables\GroundTable.cpp" />
    <ClCompile Include="Framework\Animator.cpp" />
    <ClCompile Include="DataTables\DataTableMgr.cpp" />
    <ClCompile Include="Framework\Framework.cpp" />
    <ClCompile Include="Framework\InputMgr.cpp" />
    <ClCompile Include="Framework\Utils.cpp" />
    <ClCompile Include="GameObjects\GameObject.cpp" />
    <ClCompile Include="GameObjects\TileMap.cpp" />
    <ClCompile Include="GameObjects\Inventory.cpp" />
    <ClCompile Include="GameObjects\InvetorySlot.cpp" />
    <ClCompile Include="main.cpp" />
    <ClCompile Include="GameObjects\ObjectOnTile.cpp" />
    <ClCompile Include="DataTables\ObjectTable.cpp" />
    <ClCompile Include="pch.cpp" />
    <ClCompile Include="GameObjects\Player.cpp" />
    <ClCompile Include="Scenes\Scene.cpp" />
    <ClCompile Include="Framework\SceneMgr.cpp" />
    <ClCompile Include="Scenes\SceneGame.cpp" />
    <ClCompile Include="GameObjects\SpriteGo.cpp" />
    <ClCompile Include="GameObjects\TextGo.cpp" />
    <ClCompile Include="GameObjects\UiHud.cpp" />
    <ClCompile Include="GameObjects\SpriteGoEffect.cpp" />
    <ClCompile Include="Framework\SoundMgr.cpp" />
    <ClCompile Include="DataTables\ItemTable.cpp" />
    <ClCompile Include="DataTables\FloorTable.cpp" />
    <ClCompile Include="DataTables\ItemSave.cpp" />
    <ClCompile Include="GameObjects\FloorOnTile.cpp" />
    <ClCompile Include="Scenes\TestMapTool.cpp" />
    <ClCompile Include="MapToolUI.cpp" />
    <ClCompile Include="GameObjects\BoxInven.cpp" />
    <ClCompile Include="DataTables\TileMapSave.cpp" />
    <ClCompile Include="Scenes\SceneTitle.cpp" />
    <ClCompile Include="GameObjects\LoadBoxUi.cpp" />
    <ClCompile Include="DataTables\HarvestTable.cpp" />
    <ClCompile Include="GameObjects\StoreObjOnTile.cpp" />
    <ClCompile Include="GameObjects\UiStore.cpp" />
  </ItemGroup>
  <ItemGroup>
    <ClInclude Include="DataTables\DataTable.h" />
    <ClInclude Include="DataTables\GroundTable.h" />
    <ClInclude Include="Framework\Animator.h" />
    <ClInclude Include="DataTables\DataTableMgr.h" />
    <ClInclude Include="DataTables\rapidcsv.h" />
    <ClInclude Include="Framework\Framework.h" />
    <ClInclude Include="Framework\Defines.h" />
    <ClInclude Include="Framework\InputMgr.h" />
    <ClInclude Include="Framework\ResourceMgr.h" />
    <ClInclude Include="Framework\Singleton.h" />
    <ClInclude Include="Framework\Utils.h" />
    <ClInclude Include="GameObjects\GameObject.h" />
    <ClInclude Include="GameObjects\TileMap.h" />
    <ClInclude Include="GameObjects\ObjectOnTile.h" />
    <ClInclude Include="DataTables\ObjectTable.h" />
    <ClInclude Include="GameObjects\Inventory.h" />
    <ClInclude Include="GameObjects\InvetorySlot.h" />
    <ClInclude Include="pch.h" />
    <ClInclude Include="GameObjects\Player.h" />
    <ClInclude Include="Scenes\Scene.h" />
    <ClInclude Include="Framework\SceneMgr.h" />
    <ClInclude Include="Scenes\SceneGame.h" />
    <ClInclude Include="GameObjects\SpriteGo.h" />
    <ClInclude Include="GameObjects\TextGo.h" />
    <ClInclude Include="GameObjects\UiHud.h" />
    <ClInclude Include="GameObjects\SpriteGoEffect.h" />
    <ClInclude Include="Framework\SoundMgr.h" />
    <ClInclude Include="DataTables\ItemTable.h" />
    <ClInclude Include="DataTables\FloorTable.h" />
    <ClInclude Include="DataTables\ItemSave.h" />
    <ClInclude Include="GameObjects\FloorOnTile.h" />
    <ClInclude Include="Scenes\TestMapTool.h" />
    <ClInclude Include="MapToolUI.h" />
    <ClInclude Include="GameObjects\BoxInven.h" />
    <ClInclude Include="DataTables\TileMapSave.h" />
    <ClInclude Include="Scenes\SceneTitle.h" />
    <ClInclude Include="GameObjects\LoadBoxUi.h" />
    <ClInclude Include="DataTables\HarvestTable.h" />
    <ClInclude Include="GameObjects\StoreObjOnTile.h" />
    <ClInclude Include="GameObjects\UiStore.h" />
  </ItemGroup>
</Project>